
Microsoft Visual Studio Solution File, Format Version 12.00
# Visual Studio Version 16
VisualStudioVersion = 16.0.30114.105
MinimumVisualStudioVersion = 10.0.40219.1
Project("{FAE04EC0-301F-11D3-BF4B-00C04F79EFBC}") = "API", "API\API.csproj", "{9DEF7A2C-FA19-414C-B0E5-11EA76B6C0FD}"
EndProject
Project("{FAE04EC0-301F-11D3-BF4B-00C04F79EFBC}") = "Application", "Application\Application.csproj", "{484D4EFF-E352-4FE8-B219-D8935CE00D12}"
EndProject
Project("{FAE04EC0-301F-11D3-BF4B-00C04F79EFBC}") = "Persistance", "Persistance\Persistance.csproj", "{E36C9B0E-B794-4197-9803-12C6A01D9334}"
EndProject
Project("{FAE04EC0-301F-11D3-BF4B-00C04F79EFBC}") = "Domain", "Domain\Domain.csproj", "{29F029A4-ABC1-41A1-84EF-0CC82A66C7C8}"
EndProject
Global
	GlobalSection(SolutionConfigurationPlatforms) = preSolution
		Debug|Any CPU = Debug|Any CPU
		Release|Any CPU = Release|Any CPU
	EndGlobalSection
	GlobalSection(SolutionProperties) = preSolution
		HideSolutionNode = FALSE
	EndGlobalSection
	GlobalSection(ProjectConfigurationPlatforms) = postSolution
		{9DEF7A2C-FA19-414C-B0E5-11EA76B6C0FD}.Debug|Any CPU.ActiveCfg = Debug|Any CPU
		{9DEF7A2C-FA19-414C-B0E5-11EA76B6C0FD}.Debug|Any CPU.Build.0 = Debug|Any CPU
		{9DEF7A2C-FA19-414C-B0E5-11EA76B6C0FD}.Release|Any CPU.ActiveCfg = Release|Any CPU
		{9DEF7A2C-FA19-414C-B0E5-11EA76B6C0FD}.Release|Any CPU.Build.0 = Release|Any CPU
		{484D4EFF-E352-4FE8-B219-D8935CE00D12}.Debug|Any CPU.ActiveCfg = Debug|Any CPU
		{484D4EFF-E352-4FE8-B219-D8935CE00D12}.Debug|Any CPU.Build.0 = Debug|Any CPU
		{484D4EFF-E352-4FE8-B219-D8935CE00D12}.Release|Any CPU.ActiveCfg = Release|Any CPU
		{484D4EFF-E352-4FE8-B219-D8935CE00D12}.Release|Any CPU.Build.0 = Release|Any CPU
		{E36C9B0E-B794-4197-9803-12C6A01D9334}.Debug|Any CPU.ActiveCfg = Debug|Any CPU
		{E36C9B0E-B794-4197-9803-12C6A01D9334}.Debug|Any CPU.Build.0 = Debug|Any CPU
		{E36C9B0E-B794-4197-9803-12C6A01D9334}.Release|Any CPU.ActiveCfg = Release|Any CPU
		{E36C9B0E-B794-4197-9803-12C6A01D9334}.Release|Any CPU.Build.0 = Release|Any CPU
		{29F029A4-ABC1-41A1-84EF-0CC82A66C7C8}.Debug|Any CPU.ActiveCfg = Debug|Any CPU
		{29F029A4-ABC1-41A1-84EF-0CC82A66C7C8}.Debug|Any CPU.Build.0 = Debug|Any CPU
		{29F029A4-ABC1-41A1-84EF-0CC82A66C7C8}.Release|Any CPU.ActiveCfg = Release|Any CPU
		{29F029A4-ABC1-41A1-84EF-0CC82A66C7C8}.Release|Any CPU.Build.0 = Release|Any CPU
	EndGlobalSection
EndGlobal
